
Microsoft Visual Studio Solution File, Format Version 12.00
# Visual Studio Version 17
VisualStudioVersion = 17.1.32210.238
MinimumVisualStudioVersion = 10.0.40219.1
Project("{8BC9CEB8-8B4A-11D0-8D11-00A0C91BC942}") = "001_bmi", "001_bmi\001_bmi.vcxproj", "{72171924-A67A-4608-8DB0-ED5DD71CED4F}"
EndProject
Project("{9A19103F-16F7-4668-BE54-9A1E7A4F7556}") = "002_bmiCS", "002_bmiCS\002_bmiCS.csproj", "{7BA2C2A3-E22B-4508-A888-9FF30116A998}"
EndProject
Project("{FAE04EC0-301F-11D3-BF4B-00C04F79EFBC}") = "003_bmi", "003_bmi\003_bmi.csproj", "{95C65711-9310-41CC-AADF-4A71D8AAF624}"
EndProject
Project("{9A19103F-16F7-4668-BE54-9A1E7A4F7556}") = "004_loop", "004_loop\004_loop.csproj", "{2E38C6E6-8C98-46C4-B793-478D5CA680F2}"
EndProject
Project("{9A19103F-16F7-4668-BE54-9A1E7A4F7556}") = "005_pyramid", "005_pyramid\005_pyramid.csproj", "{29F1EEEB-CEA5-4FEA-B8DB-E103BBEC2C4F}"
EndProject
Project("{9A19103F-16F7-4668-BE54-9A1E7A4F7556}") = "006_search", "006_search\006_search.csproj", "{58E4B77A-F93E-4950-A33C-C5DB8B09BB04}"
EndProject
Project("{9A19103F-16F7-4668-BE54-9A1E7A4F7556}") = "007_larger", "007_larger\007_larger.csproj", "{6FD93C09-131E-48FD-8797-C35A54E22911}"
EndProject
Project("{9A19103F-16F7-4668-BE54-9A1E7A4F7556}") = "008_fact", "008_fact\008_fact.csproj", "{A9AE9253-9068-4F2B-B5F9-1F53747096BA}"
EndProject
Project("{9A19103F-16F7-4668-BE54-9A1E7A4F7556}") = "009_hanoi", "009_hanoi\009_hanoi.csproj", "{81188273-C933-4007-8EB1-1C2E8618B99F}"
EndProject
Project("{FAE04EC0-301F-11D3-BF4B-00C04F79EFBC}") = "010_HelloWorld", "010_HelloWorld\010_HelloWorld.csproj", "{05C645BB-71B6-4733-B85B-5A487B6FA0C2}"
EndProject
Project("{FAE04EC0-301F-11D3-BF4B-00C04F79EFBC}") = "011_forms", "011_forms\011_forms.csproj", "{05494BDF-CEF5-4D01-8362-A9D29B782202}"
EndProject
Project("{FAE04EC0-301F-11D3-BF4B-00C04F79EFBC}") = "012_MessageBox", "012_MessageBox\012_MessageBox.csproj", "{DA214CC3-7F50-41C7-B6E9-9D16F923C335}"
EndProject
Project("{FAE04EC0-301F-11D3-BF4B-00C04F79EFBC}") = "013_basic", "013_basic\013_basic.csproj", "{7CDDF178-29DA-40A3-A18F-4870D8F0674A}"
EndProject
Project("{FAE04EC0-301F-11D3-BF4B-00C04F79EFBC}") = "014_Labels", "014_Labels\014_Labels.csproj", "{1D616BB9-097D-4E0A-B07C-F87861620095}"
EndProject
Project("{FAE04EC0-301F-11D3-BF4B-00C04F79EFBC}") = "015_checkbox", "015_checkbox\015_checkbox.csproj", "{50C53F87-836E-4E56-BBC0-7EC208778F53}"
EndProject
Project("{FAE04EC0-301F-11D3-BF4B-00C04F79EFBC}") = "016_radio", "016_radio\016_radio.csproj", "{25978DE5-1B74-473E-8A58-713F19EFCC37}"
EndProject
Project("{FAE04EC0-301F-11D3-BF4B-00C04F79EFBC}") = "017_scoreCalc", "017_scoreCalc\017_scoreCalc.csproj", "{991B8A72-DD06-4430-85B1-86DE69A27B17}"
EndProject
Project("{FAE04EC0-301F-11D3-BF4B-00C04F79EFBC}") = "018_scrollbar", "018_scrollbar\018_scrollbar.csproj", "{6D748615-CACE-4ADE-B452-611CDB88DA0A}"
EndProject
Project("{FAE04EC0-301F-11D3-BF4B-00C04F79EFBC}") = "019_listbox", "019_listbox\019_listbox.csproj", "{C0ED32BB-FFBC-4C42-8F99-50AF07B0ED68}"
EndProject
Project("{FAE04EC0-301F-11D3-BF4B-00C04F79EFBC}") = "020_ComboBox", "020_ComboBox\020_ComboBox.csproj", "{75ABE0C0-AFBB-4E72-B2B0-AC77A6D1272F}"
EndProject
Project("{FAE04EC0-301F-11D3-BF4B-00C04F79EFBC}") = "021_score_calc", "021_score_calc\021_score_calc.csproj", "{CA810C4C-22F9-44B7-A21F-750607D42FCF}"
EndProject
Project("{FAE04EC0-301F-11D3-BF4B-00C04F79EFBC}") = "022_timer", "022_timer\022_timer.csproj", "{C8804C9D-FB50-43AC-A82D-2F7299C9E646}"
EndProject
Project("{FAE04EC0-301F-11D3-BF4B-00C04F79EFBC}") = "023_datetimePicker", "23_datetimePicker\023_datetimePicker.csproj", "{A8156440-183A-41D6-832D-7C9128BBCA95}"
EndProject
Project("{FAE04EC0-301F-11D3-BF4B-00C04F79EFBC}") = "024_WMP", "024_WMP\024_WMP.csproj", "{E0F24D89-23F1-4CFF-AA4A-71A863E7B656}"
EndProject
Project("{9A19103F-16F7-4668-BE54-9A1E7A4F7556}") = "026_WPFHello", "026_WPFHello\026_WPFHello.csproj", "{B4D6E61A-699F-46D5-B4E8-5A76BB4EF9A0}"
EndProject
Project("{9A19103F-16F7-4668-BE54-9A1E7A4F7556}") = "025_grid", "025_grid\025_grid.csproj", "{5B6D881E-76BF-4835-833E-ADF5B81019B2}"
EndProject
Project("{9A19103F-16F7-4668-BE54-9A1E7A4F7556}") = "027_stackPanel", "027_stackPanel\027_stackPanel.csproj", "{9B56093A-54C0-400E-9040-397444B9DF35}"
EndProject
Project("{9A19103F-16F7-4668-BE54-9A1E7A4F7556}") = "028_useControl", "028_useControl\028_useControl.csproj", "{029A78DC-2C4B-49F5-841C-8580830A9AF6}"
EndProject
Project("{9A19103F-16F7-4668-BE54-9A1E7A4F7556}") = "029_uniformGrid", "029_uniformGrid\029_uniformGrid.csproj", "{C8D8C209-7584-4487-9407-D1E26AA4ACB8}"
EndProject
Project("{9A19103F-16F7-4668-BE54-9A1E7A4F7556}") = "030_chessBoard", "030_chessBoard\030_chessBoard.csproj", "{8FDF5A33-A139-410D-B7B9-A2C6BCDD7FC8}"
EndProject
Project("{9A19103F-16F7-4668-BE54-9A1E7A4F7556}") = "031_WindowsCalc", "031_WindowsCalc\031_WindowsCalc.csproj", "{654B6DD2-5427-4B02-993F-299D35297CB8}"
EndProject
Project("{9A19103F-16F7-4668-BE54-9A1E7A4F7556}") = "032_ListNArray", "032_ListNArray\032_ListNArray.csproj", "{22652469-BC2E-4E48-89D9-6D025CB26259}"
EndProject
Project("{FAE04EC0-301F-11D3-BF4B-00C04F79EFBC}") = "033_PhoneBook", "033_PhoneBook\033_PhoneBook.csproj", "{8C1EB68B-9D03-4732-8961-A22F61CEF491}"
EndProject
Project("{FAE04EC0-301F-11D3-BF4B-00C04F79EFBC}") = "034_WPFLogin", "034_WPFLogin\034_WPFLogin.csproj", "{58566684-65CA-4A7A-B4F0-5ABEBB561809}"
EndProject
Project("{FAE04EC0-301F-11D3-BF4B-00C04F79EFBC}") = "035_Splash", "035_Splash\035_Splash.csproj", "{AE39A4E8-AAEE-450A-A326-393BAA0AC695}"
EndProject
Project("{FAE04EC0-301F-11D3-BF4B-00C04F79EFBC}") = "036_Chart", "036_Chart\036_Chart.csproj", "{4645590A-6181-4349-8708-D11EB51309C6}"
EndProject
Project("{FAE04EC0-301F-11D3-BF4B-00C04F79EFBC}") = "037_TwoCharts", "037_TwoCharts\037_TwoCharts.csproj", "{F7B86D7B-9C66-4211-88DD-9847151FB278}"
EndProject
Project("{FAE04EC0-301F-11D3-BF4B-00C04F79EFBC}") = "038_Graph", "038_Graph\038_Graph.csproj", "{B72F146A-2157-4032-AD57-3BBF06CB89D1}"
EndProject
Project("{FAE04EC0-301F-11D3-BF4B-00C04F79EFBC}") = "039_EcgPpg", "039_EcgPpg\039_EcgPpg.csproj", "{D5D87C04-3A0F-431C-9F6D-8C7B5BF2AEA3}"
EndProject
Project("{FAE04EC0-301F-11D3-BF4B-00C04F79EFBC}") = "040_FormClock", "040_FormClock\040_FormClock.csproj", "{193862DB-FD43-4159-8D7E-9A30218C0399}"
EndProject
Project("{FAE04EC0-301F-11D3-BF4B-00C04F79EFBC}") = "041_WPFClock", "041_WPFClock\041_WPFClock.csproj", "{BFCF9754-3294-41F8-9117-BD8AEC5BDC58}"
EndProject
Project("{FAE04EC0-301F-11D3-BF4B-00C04F79EFBC}") = "042_RotationClock", "042_RotationClock\042_RotationClock.csproj", "{FD256E1A-40A2-4896-ABE4-A2248BA8D2D1}"
EndProject
Project("{FAE04EC0-301F-11D3-BF4B-00C04F79EFBC}") = "043_SnakeBite", "043_SnakeBite\043_SnakeBite.csproj", "{6EE35D6C-BD2E-4AC8-84F8-2B2E72E70CA9}"
EndProject
Global
	GlobalSection(SolutionConfigurationPlatforms) = preSolution
		Debug|Any CPU = Debug|Any CPU
		Debug|x64 = Debug|x64
		Debug|x86 = Debug|x86
		Release|Any CPU = Release|Any CPU
		Release|x64 = Release|x64
		Release|x86 = Release|x86
	EndGlobalSection
	GlobalSection(ProjectConfigurationPlatforms) = postSolution
		{72171924-A67A-4608-8DB0-ED5DD71CED4F}.Debug|Any CPU.ActiveCfg = Debug|x64
		{72171924-A67A-4608-8DB0-ED5DD71CED4F}.Debug|Any CPU.Build.0 = Debug|x64
		{72171924-A67A-4608-8DB0-ED5DD71CED4F}.Debug|x64.ActiveCfg = Debug|x64
		{72171924-A67A-4608-8DB0-ED5DD71CED4F}.Debug|x64.Build.0 = Debug|x64
		{72171924-A67A-4608-8DB0-ED5DD71CED4F}.Debug|x86.ActiveCfg = Debug|Win32
		{72171924-A67A-4608-8DB0-ED5DD71CED4F}.Debug|x86.Build.0 = Debug|Win32
		{72171924-A67A-4608-8DB0-ED5DD71CED4F}.Release|Any CPU.ActiveCfg = Release|x64
		{72171924-A67A-4608-8DB0-ED5DD71CED4F}.Release|Any CPU.Build.0 = Release|x64
		{72171924-A67A-4608-8DB0-ED5DD71CED4F}.Release|x64.ActiveCfg = Release|x64
		{72171924-A67A-4608-8DB0-ED5DD71CED4F}.Release|x64.Build.0 = Release|x64
		{72171924-A67A-4608-8DB0-ED5DD71CED4F}.Release|x86.ActiveCfg = Release|Win32
		{72171924-A67A-4608-8DB0-ED5DD71CED4F}.Release|x86.Build.0 = Release|Win32
		{7BA2C2A3-E22B-4508-A888-9FF30116A998}.Debug|Any CPU.ActiveCfg = Debug|Any CPU
		{7BA2C2A3-E22B-4508-A888-9FF30116A998}.Debug|Any CPU.Build.0 = Debug|Any CPU
		{7BA2C2A3-E22B-4508-A888-9FF30116A998}.Debug|x64.ActiveCfg = Debug|Any CPU
		{7BA2C2A3-E22B-4508-A888-9FF30116A998}.Debug|x64.Build.0 = Debug|Any CPU
		{7BA2C2A3-E22B-4508-A888-9FF30116A998}.Debug|x86.ActiveCfg = Debug|Any CPU
		{7BA2C2A3-E22B-4508-A888-9FF30116A998}.Debug|x86.Build.0 = Debug|Any CPU
		{7BA2C2A3-E22B-4508-A888-9FF30116A998}.Release|Any CPU.ActiveCfg = Release|Any CPU
		{7BA2C2A3-E22B-4508-A888-9FF30116A998}.Release|Any CPU.Build.0 = Release|Any CPU
		{7BA2C2A3-E22B-4508-A888-9FF30116A998}.Release|x64.ActiveCfg = Release|Any CPU
		{7BA2C2A3-E22B-4508-A888-9FF30116A998}.Release|x64.Build.0 = Release|Any CPU
		{7BA2C2A3-E22B-4508-A888-9FF30116A998}.Release|x86.ActiveCfg = Release|Any CPU
		{7BA2C2A3-E22B-4508-A888-9FF30116A998}.Release|x86.Build.0 = Release|Any CPU
		{95C65711-9310-41CC-AADF-4A71D8AAF624}.Debug|Any CPU.ActiveCfg = Debug|Any CPU
		{95C65711-9310-41CC-AADF-4A71D8AAF624}.Debug|Any CPU.Build.0 = Debug|Any CPU
		{95C65711-9310-41CC-AADF-4A71D8AAF624}.Debug|x64.ActiveCfg = Debug|Any CPU
		{95C65711-9310-41CC-AADF-4A71D8AAF624}.Debug|x64.Build.0 = Debug|Any CPU
		{95C65711-9310-41CC-AADF-4A71D8AAF624}.Debug|x86.ActiveCfg = Debug|Any CPU
		{95C65711-9310-41CC-AADF-4A71D8AAF624}.Debug|x86.Build.0 = Debug|Any CPU
		{95C65711-9310-41CC-AADF-4A71D8AAF624}.Release|Any CPU.ActiveCfg = Release|Any CPU
		{95C65711-9310-41CC-AADF-4A71D8AAF624}.Release|Any CPU.Build.0 = Release|Any CPU
		{95C65711-9310-41CC-AADF-4A71D8AAF624}.Release|x64.ActiveCfg = Release|Any CPU
		{95C65711-9310-41CC-AADF-4A71D8AAF624}.Release|x64.Build.0 = Release|Any CPU
		{95C65711-9310-41CC-AADF-4A71D8AAF624}.Release|x86.ActiveCfg = Release|Any CPU
		{95C65711-9310-41CC-AADF-4A71D8AAF624}.Release|x86.Build.0 = Release|Any CPU
		{2E38C6E6-8C98-46C4-B793-478D5CA680F2}.Debug|Any CPU.ActiveCfg = Debug|Any CPU
		{2E38C6E6-8C98-46C4-B793-478D5CA680F2}.Debug|Any CPU.Build.0 = Debug|Any CPU
		{2E38C6E6-8C98-46C4-B793-478D5CA680F2}.Debug|x64.ActiveCfg = Debug|Any CPU
		{2E38C6E6-8C98-46C4-B793-478D5CA680F2}.Debug|x64.Build.0 = Debug|Any CPU
		{2E38C6E6-8C98-46C4-B793-478D5CA680F2}.Debug|x86.ActiveCfg = Debug|Any CPU
		{2E38C6E6-8C98-46C4-B793-478D5CA680F2}.Debug|x86.Build.0 = Debug|Any CPU
		{2E38C6E6-8C98-46C4-B793-478D5CA680F2}.Release|Any CPU.ActiveCfg = Release|Any CPU
		{2E38C6E6-8C98-46C4-B793-478D5CA680F2}.Release|Any CPU.Build.0 = Release|Any CPU
		{2E38C6E6-8C98-46C4-B793-478D5CA680F2}.Release|x64.ActiveCfg = Release|Any CPU
		{2E38C6E6-8C98-46C4-B793-478D5CA680F2}.Release|x64.Build.0 = Release|Any CPU
		{2E38C6E6-8C98-46C4-B793-478D5CA680F2}.Release|x86.ActiveCfg = Release|Any CPU
		{2E38C6E6-8C98-46C4-B793-478D5CA680F2}.Release|x86.Build.0 = Release|Any CPU
		{29F1EEEB-CEA5-4FEA-B8DB-E103BBEC2C4F}.Debug|Any CPU.ActiveCfg = Debug|Any CPU
		{29F1EEEB-CEA5-4FEA-B8DB-E103BBEC2C4F}.Debug|Any CPU.Build.0 = Debug|Any CPU
		{29F1EEEB-CEA5-4FEA-B8DB-E103BBEC2C4F}.Debug|x64.ActiveCfg = Debug|Any CPU
		{29F1EEEB-CEA5-4FEA-B8DB-E103BBEC2C4F}.Debug|x64.Build.0 = Debug|Any CPU
		{29F1EEEB-CEA5-4FEA-B8DB-E103BBEC2C4F}.Debug|x86.ActiveCfg = Debug|Any CPU
		{29F1EEEB-CEA5-4FEA-B8DB-E103BBEC2C4F}.Debug|x86.Build.0 = Debug|Any CPU
		{29F1EEEB-CEA5-4FEA-B8DB-E103BBEC2C4F}.Release|Any CPU.ActiveCfg = Release|Any CPU
		{29F1EEEB-CEA5-4FEA-B8DB-E103BBEC2C4F}.Release|Any CPU.Build.0 = Release|Any CPU
		{29F1EEEB-CEA5-4FEA-B8DB-E103BBEC2C4F}.Release|x64.ActiveCfg = Release|Any CPU
		{29F1EEEB-CEA5-4FEA-B8DB-E103BBEC2C4F}.Release|x64.Build.0 = Release|Any CPU
		{29F1EEEB-CEA5-4FEA-B8DB-E103BBEC2C4F}.Release|x86.ActiveCfg = Release|Any CPU
		{29F1EEEB-CEA5-4FEA-B8DB-E103BBEC2C4F}.Release|x86.Build.0 = Release|Any CPU
		{58E4B77A-F93E-4950-A33C-C5DB8B09BB04}.Debug|Any CPU.ActiveCfg = Debug|Any CPU
		{58E4B77A-F93E-4950-A33C-C5DB8B09BB04}.Debug|Any CPU.Build.0 = Debug|Any CPU
		{58E4B77A-F93E-4950-A33C-C5DB8B09BB04}.Debug|x64.ActiveCfg = Debug|Any CPU
		{58E4B77A-F93E-4950-A33C-C5DB8B09BB04}.Debug|x64.Build.0 = Debug|Any CPU
		{58E4B77A-F93E-4950-A33C-C5DB8B09BB04}.Debug|x86.ActiveCfg = Debug|Any CPU
		{58E4B77A-F93E-4950-A33C-C5DB8B09BB04}.Debug|x86.Build.0 = Debug|Any CPU
		{58E4B77A-F93E-4950-A33C-C5DB8B09BB04}.Release|Any CPU.ActiveCfg = Release|Any CPU
		{58E4B77A-F93E-4950-A33C-C5DB8B09BB04}.Release|Any CPU.Build.0 = Release|Any CPU
		{58E4B77A-F93E-4950-A33C-C5DB8B09BB04}.Release|x64.ActiveCfg = Release|Any CPU
		{58E4B77A-F93E-4950-A33C-C5DB8B09BB04}.Release|x64.Build.0 = Release|Any CPU
		{58E4B77A-F93E-4950-A33C-C5DB8B09BB04}.Release|x86.ActiveCfg = Release|Any CPU
		{58E4B77A-F93E-4950-A33C-C5DB8B09BB04}.Release|x86.Build.0 = Release|Any CPU
		{6FD93C09-131E-48FD-8797-C35A54E22911}.Debug|Any CPU.ActiveCfg = Debug|Any CPU
		{6FD93C09-131E-48FD-8797-C35A54E22911}.Debug|Any CPU.Build.0 = Debug|Any CPU
		{6FD93C09-131E-48FD-8797-C35A54E22911}.Debug|x64.ActiveCfg = Debug|Any CPU
		{6FD93C09-131E-48FD-8797-C35A54E22911}.Debug|x64.Build.0 = Debug|Any CPU
		{6FD93C09-131E-48FD-8797-C35A54E22911}.Debug|x86.ActiveCfg = Debug|Any CPU
		{6FD93C09-131E-48FD-8797-C35A54E22911}.Debug|x86.Build.0 = Debug|Any CPU
		{6FD93C09-131E-48FD-8797-C35A54E22911}.Release|Any CPU.ActiveCfg = Release|Any CPU
		{6FD93C09-131E-48FD-8797-C35A54E22911}.Release|Any CPU.Build.0 = Release|Any CPU
		{6FD93C09-131E-48FD-8797-C35A54E22911}.Release|x64.ActiveCfg = Release|Any CPU
		{6FD93C09-131E-48FD-8797-C35A54E22911}.Release|x64.Build.0 = Release|Any CPU
		{6FD93C09-131E-48FD-8797-C35A54E22911}.Release|x86.ActiveCfg = Release|Any CPU
		{6FD93C09-131E-48FD-8797-C35A54E22911}.Release|x86.Build.0 = Release|Any CPU
		{A9AE9253-9068-4F2B-B5F9-1F53747096BA}.Debug|Any CPU.ActiveCfg = Debug|Any CPU
		{A9AE9253-9068-4F2B-B5F9-1F53747096BA}.Debug|Any CPU.Build.0 = Debug|Any CPU
		{A9AE9253-9068-4F2B-B5F9-1F53747096BA}.Debug|x64.ActiveCfg = Debug|Any CPU
		{A9AE9253-9068-4F2B-B5F9-1F53747096BA}.Debug|x64.Build.0 = Debug|Any CPU
		{A9AE9253-9068-4F2B-B5F9-1F53747096BA}.Debug|x86.ActiveCfg = Debug|Any CPU
		{A9AE9253-9068-4F2B-B5F9-1F53747096BA}.Debug|x86.Build.0 = Debug|Any CPU
		{A9AE9253-9068-4F2B-B5F9-1F53747096BA}.Release|Any CPU.ActiveCfg = Release|Any CPU
		{A9AE9253-9068-4F2B-B5F9-1F53747096BA}.Release|Any CPU.Build.0 = Release|Any CPU
		{A9AE9253-9068-4F2B-B5F9-1F53747096BA}.Release|x64.ActiveCfg = Release|Any CPU
		{A9AE9253-9068-4F2B-B5F9-1F53747096BA}.Release|x64.Build.0 = Release|Any CPU
		{A9AE9253-9068-4F2B-B5F9-1F53747096BA}.Release|x86.ActiveCfg = Release|Any CPU
		{A9AE9253-9068-4F2B-B5F9-1F53747096BA}.Release|x86.Build.0 = Release|Any CPU
		{81188273-C933-4007-8EB1-1C2E8618B99F}.Debug|Any CPU.ActiveCfg = Debug|Any CPU
		{81188273-C933-4007-8EB1-1C2E8618B99F}.Debug|Any CPU.Build.0 = Debug|Any CPU
		{81188273-C933-4007-8EB1-1C2E8618B99F}.Debug|x64.ActiveCfg = Debug|Any CPU
		{81188273-C933-4007-8EB1-1C2E8618B99F}.Debug|x64.Build.0 = Debug|Any CPU
		{81188273-C933-4007-8EB1-1C2E8618B99F}.Debug|x86.ActiveCfg = Debug|Any CPU
		{81188273-C933-4007-8EB1-1C2E8618B99F}.Debug|x86.Build.0 = Debug|Any CPU
		{81188273-C933-4007-8EB1-1C2E8618B99F}.Release|Any CPU.ActiveCfg = Release|Any CPU
		{81188273-C933-4007-8EB1-1C2E8618B99F}.Release|Any CPU.Build.0 = Release|Any CPU
		{81188273-C933-4007-8EB1-1C2E8618B99F}.Release|x64.ActiveCfg = Release|Any CPU
		{81188273-C933-4007-8EB1-1C2E8618B99F}.Release|x64.Build.0 = Release|Any CPU
		{81188273-C933-4007-8EB1-1C2E8618B99F}.Release|x86.ActiveCfg = Release|Any CPU
		{81188273-C933-4007-8EB1-1C2E8618B99F}.Release|x86.Build.0 = Release|Any CPU
		{05C645BB-71B6-4733-B85B-5A487B6FA0C2}.Debug|Any CPU.ActiveCfg = Debug|Any CPU
		{05C645BB-71B6-4733-B85B-5A487B6FA0C2}.Debug|Any CPU.Build.0 = Debug|Any CPU
		{05C645BB-71B6-4733-B85B-5A487B6FA0C2}.Debug|x64.ActiveCfg = Debug|Any CPU
		{05C645BB-71B6-4733-B85B-5A487B6FA0C2}.Debug|x64.Build.0 = Debug|Any CPU
		{05C645BB-71B6-4733-B85B-5A487B6FA0C2}.Debug|x86.ActiveCfg = Debug|Any CPU
		{05C645BB-71B6-4733-B85B-5A487B6FA0C2}.Debug|x86.Build.0 = Debug|Any CPU
		{05C645BB-71B6-4733-B85B-5A487B6FA0C2}.Release|Any CPU.ActiveCfg = Release|Any CPU
		{05C645BB-71B6-4733-B85B-5A487B6FA0C2}.Release|Any CPU.Build.0 = Release|Any CPU
		{05C645BB-71B6-4733-B85B-5A487B6FA0C2}.Release|x64.ActiveCfg = Release|Any CPU
		{05C645BB-71B6-4733-B85B-5A487B6FA0C2}.Release|x64.Build.0 = Release|Any CPU
		{05C645BB-71B6-4733-B85B-5A487B6FA0C2}.Release|x86.ActiveCfg = Release|Any CPU
		{05C645BB-71B6-4733-B85B-5A487B6FA0C2}.Release|x86.Build.0 = Release|Any CPU
		{05494BDF-CEF5-4D01-8362-A9D29B782202}.Debug|Any CPU.ActiveCfg = Debug|Any CPU
		{05494BDF-CEF5-4D01-8362-A9D29B782202}.Debug|Any CPU.Build.0 = Debug|Any CPU
		{05494BDF-CEF5-4D01-8362-A9D29B782202}.Debug|x64.ActiveCfg = Debug|Any CPU
		{05494BDF-CEF5-4D01-8362-A9D29B782202}.Debug|x64.Build.0 = Debug|Any CPU
		{05494BDF-CEF5-4D01-8362-A9D29B782202}.Debug|x86.ActiveCfg = Debug|Any CPU
		{05494BDF-CEF5-4D01-8362-A9D29B782202}.Debug|x86.Build.0 = Debug|Any CPU
		{05494BDF-CEF5-4D01-8362-A9D29B782202}.Release|Any CPU.ActiveCfg = Release|Any CPU
		{05494BDF-CEF5-4D01-8362-A9D29B782202}.Release|Any CPU.Build.0 = Release|Any CPU
		{05494BDF-CEF5-4D01-8362-A9D29B782202}.Release|x64.ActiveCfg = Release|Any CPU
		{05494BDF-CEF5-4D01-8362-A9D29B782202}.Release|x64.Build.0 = Release|Any CPU
		{05494BDF-CEF5-4D01-8362-A9D29B782202}.Release|x86.ActiveCfg = Release|Any CPU
		{05494BDF-CEF5-4D01-8362-A9D29B782202}.Release|x86.Build.0 = Release|Any CPU
		{DA214CC3-7F50-41C7-B6E9-9D16F923C335}.Debug|Any CPU.ActiveCfg = Debug|Any CPU
		{DA214CC3-7F50-41C7-B6E9-9D16F923C335}.Debug|Any CPU.Build.0 = Debug|Any CPU
		{DA214CC3-7F50-41C7-B6E9-9D16F923C335}.Debug|x64.ActiveCfg = Debug|Any CPU
		{DA214CC3-7F50-41C7-B6E9-9D16F923C335}.Debug|x64.Build.0 = Debug|Any CPU
		{DA214CC3-7F50-41C7-B6E9-9D16F923C335}.Debug|x86.ActiveCfg = Debug|Any CPU
		{DA214CC3-7F50-41C7-B6E9-9D16F923C335}.Debug|x86.Build.0 = Debug|Any CPU
		{DA214CC3-7F50-41C7-B6E9-9D16F923C335}.Release|Any CPU.ActiveCfg = Release|Any CPU
		{DA214CC3-7F50-41C7-B6E9-9D16F923C335}.Release|Any CPU.Build.0 = Release|Any CPU
		{DA214CC3-7F50-41C7-B6E9-9D16F923C335}.Release|x64.ActiveCfg = Release|Any CPU
		{DA214CC3-7F50-41C7-B6E9-9D16F923C335}.Release|x64.Build.0 = Release|Any CPU
		{DA214CC3-7F50-41C7-B6E9-9D16F923C335}.Release|x86.ActiveCfg = Release|Any CPU
		{DA214CC3-7F50-41C7-B6E9-9D16F923C335}.Release|x86.Build.0 = Release|Any CPU
		{7CDDF178-29DA-40A3-A18F-4870D8F0674A}.Debug|Any CPU.ActiveCfg = Debug|Any CPU
		{7CDDF178-29DA-40A3-A18F-4870D8F0674A}.Debug|Any CPU.Build.0 = Debug|Any CPU
		{7CDDF178-29DA-40A3-A18F-4870D8F0674A}.Debug|x64.ActiveCfg = Debug|Any CPU
		{7CDDF178-29DA-40A3-A18F-4870D8F0674A}.Debug|x64.Build.0 = Debug|Any CPU
		{7CDDF178-29DA-40A3-A18F-4870D8F0674A}.Debug|x86.ActiveCfg = Debug|Any CPU
		{7CDDF178-29DA-40A3-A18F-4870D8F0674A}.Debug|x86.Build.0 = Debug|Any CPU
		{7CDDF178-29DA-40A3-A18F-4870D8F0674A}.Release|Any CPU.ActiveCfg = Release|Any CPU
		{7CDDF178-29DA-40A3-A18F-4870D8F0674A}.Release|Any CPU.Build.0 = Release|Any CPU
		{7CDDF178-29DA-40A3-A18F-4870D8F0674A}.Release|x64.ActiveCfg = Release|Any CPU
		{7CDDF178-29DA-40A3-A18F-4870D8F0674A}.Release|x64.Build.0 = Release|Any CPU
		{7CDDF178-29DA-40A3-A18F-4870D8F0674A}.Release|x86.ActiveCfg = Release|Any CPU
		{7CDDF178-29DA-40A3-A18F-4870D8F0674A}.Release|x86.Build.0 = Release|Any CPU
		{1D616BB9-097D-4E0A-B07C-F87861620095}.Debug|Any CPU.ActiveCfg = Debug|Any CPU
		{1D616BB9-097D-4E0A-B07C-F87861620095}.Debug|Any CPU.Build.0 = Debug|Any CPU
		{1D616BB9-097D-4E0A-B07C-F87861620095}.Debug|x64.ActiveCfg = Debug|Any CPU
		{1D616BB9-097D-4E0A-B07C-F87861620095}.Debug|x64.Build.0 = Debug|Any CPU
		{1D616BB9-097D-4E0A-B07C-F87861620095}.Debug|x86.ActiveCfg = Debug|Any CPU
		{1D616BB9-097D-4E0A-B07C-F87861620095}.Debug|x86.Build.0 = Debug|Any CPU
		{1D616BB9-097D-4E0A-B07C-F87861620095}.Release|Any CPU.ActiveCfg = Release|Any CPU
		{1D616BB9-097D-4E0A-B07C-F87861620095}.Release|Any CPU.Build.0 = Release|Any CPU
		{1D616BB9-097D-4E0A-B07C-F87861620095}.Release|x64.ActiveCfg = Release|Any CPU
		{1D616BB9-097D-4E0A-B07C-F87861620095}.Release|x64.Build.0 = Release|Any CPU
		{1D616BB9-097D-4E0A-B07C-F87861620095}.Release|x86.ActiveCfg = Release|Any CPU
		{1D616BB9-097D-4E0A-B07C-F87861620095}.Release|x86.Build.0 = Release|Any CPU
		{50C53F87-836E-4E56-BBC0-7EC208778F53}.Debug|Any CPU.ActiveCfg = Debug|Any CPU
		{50C53F87-836E-4E56-BBC0-7EC208778F53}.Debug|Any CPU.Build.0 = Debug|Any CPU
		{50C53F87-836E-4E56-BBC0-7EC208778F53}.Debug|x64.ActiveCfg = Debug|Any CPU
		{50C53F87-836E-4E56-BBC0-7EC208778F53}.Debug|x64.Build.0 = Debug|Any CPU
		{50C53F87-836E-4E56-BBC0-7EC208778F53}.Debug|x86.ActiveCfg = Debug|Any CPU
		{50C53F87-836E-4E56-BBC0-7EC208778F53}.Debug|x86.Build.0 = Debug|Any CPU
		{50C53F87-836E-4E56-BBC0-7EC208778F53}.Release|Any CPU.ActiveCfg = Release|Any CPU
		{50C53F87-836E-4E56-BBC0-7EC208778F53}.Release|Any CPU.Build.0 = Release|Any CPU
		{50C53F87-836E-4E56-BBC0-7EC208778F53}.Release|x64.ActiveCfg = Release|Any CPU
		{50C53F87-836E-4E56-BBC0-7EC208778F53}.Release|x64.Build.0 = Release|Any CPU
		{50C53F87-836E-4E56-BBC0-7EC208778F53}.Release|x86.ActiveCfg = Release|Any CPU
		{50C53F87-836E-4E56-BBC0-7EC208778F53}.Release|x86.Build.0 = Release|Any CPU
		{25978DE5-1B74-473E-8A58-713F19EFCC37}.Debug|Any CPU.ActiveCfg = Debug|Any CPU
		{25978DE5-1B74-473E-8A58-713F19EFCC37}.Debug|Any CPU.Build.0 = Debug|Any CPU
		{25978DE5-1B74-473E-8A58-713F19EFCC37}.Debug|x64.ActiveCfg = Debug|Any CPU
		{25978DE5-1B74-473E-8A58-713F19EFCC37}.Debug|x64.Build.0 = Debug|Any CPU
		{25978DE5-1B74-473E-8A58-713F19EFCC37}.Debug|x86.ActiveCfg = Debug|Any CPU
		{25978DE5-1B74-473E-8A58-713F19EFCC37}.Debug|x86.Build.0 = Debug|Any CPU
		{25978DE5-1B74-473E-8A58-713F19EFCC37}.Release|Any CPU.ActiveCfg = Release|Any CPU
		{25978DE5-1B74-473E-8A58-713F19EFCC37}.Release|Any CPU.Build.0 = Release|Any CPU
		{25978DE5-1B74-473E-8A58-713F19EFCC37}.Release|x64.ActiveCfg = Release|Any CPU
		{25978DE5-1B74-473E-8A58-713F19EFCC37}.Release|x64.Build.0 = Release|Any CPU
		{25978DE5-1B74-473E-8A58-713F19EFCC37}.Release|x86.ActiveCfg = Release|Any CPU
		{25978DE5-1B74-473E-8A58-713F19EFCC37}.Release|x86.Build.0 = Release|Any CPU
		{991B8A72-DD06-4430-85B1-86DE69A27B17}.Debug|Any CPU.ActiveCfg = Debug|Any CPU
		{991B8A72-DD06-4430-85B1-86DE69A27B17}.Debug|Any CPU.Build.0 = Debug|Any CPU
		{991B8A72-DD06-4430-85B1-86DE69A27B17}.Debug|x64.ActiveCfg = Debug|Any CPU
		{991B8A72-DD06-4430-85B1-86DE69A27B17}.Debug|x64.Build.0 = Debug|Any CPU
		{991B8A72-DD06-4430-85B1-86DE69A27B17}.Debug|x86.ActiveCfg = Debug|Any CPU
		{991B8A72-DD06-4430-85B1-86DE69A27B17}.Debug|x86.Build.0 = Debug|Any CPU
		{991B8A72-DD06-4430-85B1-86DE69A27B17}.Release|Any CPU.ActiveCfg = Release|Any CPU
		{991B8A72-DD06-4430-85B1-86DE69A27B17}.Release|Any CPU.Build.0 = Release|Any CPU
		{991B8A72-DD06-4430-85B1-86DE69A27B17}.Release|x64.ActiveCfg = Release|Any CPU
		{991B8A72-DD06-4430-85B1-86DE69A27B17}.Release|x64.Build.0 = Release|Any CPU
		{991B8A72-DD06-4430-85B1-86DE69A27B17}.Release|x86.ActiveCfg = Release|Any CPU
		{991B8A72-DD06-4430-85B1-86DE69A27B17}.Release|x86.Build.0 = Release|Any CPU
		{6D748615-CACE-4ADE-B452-611CDB88DA0A}.Debug|Any CPU.ActiveCfg = Debug|Any CPU
		{6D748615-CACE-4ADE-B452-611CDB88DA0A}.Debug|Any CPU.Build.0 = Debug|Any CPU
		{6D748615-CACE-4ADE-B452-611CDB88DA0A}.Debug|x64.ActiveCfg = Debug|Any CPU
		{6D748615-CACE-4ADE-B452-611CDB88DA0A}.Debug|x64.Build.0 = Debug|Any CPU
		{6D748615-CACE-4ADE-B452-611CDB88DA0A}.Debug|x86.ActiveCfg = Debug|Any CPU
		{6D748615-CACE-4ADE-B452-611CDB88DA0A}.Debug|x86.Build.0 = Debug|Any CPU
		{6D748615-CACE-4ADE-B452-611CDB88DA0A}.Release|Any CPU.ActiveCfg = Release|Any CPU
		{6D748615-CACE-4ADE-B452-611CDB88DA0A}.Release|Any CPU.Build.0 = Release|Any CPU
		{6D748615-CACE-4ADE-B452-611CDB88DA0A}.Release|x64.ActiveCfg = Release|Any CPU
		{6D748615-CACE-4ADE-B452-611CDB88DA0A}.Release|x64.Build.0 = Release|Any CPU
		{6D748615-CACE-4ADE-B452-611CDB88DA0A}.Release|x86.ActiveCfg = Release|Any CPU
		{6D748615-CACE-4ADE-B452-611CDB88DA0A}.Release|x86.Build.0 = Release|Any CPU
		{C0ED32BB-FFBC-4C42-8F99-50AF07B0ED68}.Debug|Any CPU.ActiveCfg = Debug|Any CPU
		{C0ED32BB-FFBC-4C42-8F99-50AF07B0ED68}.Debug|Any CPU.Build.0 = Debug|Any CPU
		{C0ED32BB-FFBC-4C42-8F99-50AF07B0ED68}.Debug|x64.ActiveCfg = Debug|Any CPU
		{C0ED32BB-FFBC-4C42-8F99-50AF07B0ED68}.Debug|x64.Build.0 = Debug|Any CPU
		{C0ED32BB-FFBC-4C42-8F99-50AF07B0ED68}.Debug|x86.ActiveCfg = Debug|Any CPU
		{C0ED32BB-FFBC-4C42-8F99-50AF07B0ED68}.Debug|x86.Build.0 = Debug|Any CPU
		{C0ED32BB-FFBC-4C42-8F99-50AF07B0ED68}.Release|Any CPU.ActiveCfg = Release|Any CPU
		{C0ED32BB-FFBC-4C42-8F99-50AF07B0ED68}.Release|Any CPU.Build.0 = Release|Any CPU
		{C0ED32BB-FFBC-4C42-8F99-50AF07B0ED68}.Release|x64.ActiveCfg = Release|Any CPU
		{C0ED32BB-FFBC-4C42-8F99-50AF07B0ED68}.Release|x64.Build.0 = Release|Any CPU
		{C0ED32BB-FFBC-4C42-8F99-50AF07B0ED68}.Release|x86.ActiveCfg = Release|Any CPU
		{C0ED32BB-FFBC-4C42-8F99-50AF07B0ED68}.Release|x86.Build.0 = Release|Any CPU
		{75ABE0C0-AFBB-4E72-B2B0-AC77A6D1272F}.Debug|Any CPU.ActiveCfg = Debug|Any CPU
		{75ABE0C0-AFBB-4E72-B2B0-AC77A6D1272F}.Debug|Any CPU.Build.0 = Debug|Any CPU
		{75ABE0C0-AFBB-4E72-B2B0-AC77A6D1272F}.Debug|x64.ActiveCfg = Debug|Any CPU
		{75ABE0C0-AFBB-4E72-B2B0-AC77A6D1272F}.Debug|x64.Build.0 = Debug|Any CPU
		{75ABE0C0-AFBB-4E72-B2B0-AC77A6D1272F}.Debug|x86.ActiveCfg = Debug|Any CPU
		{75ABE0C0-AFBB-4E72-B2B0-AC77A6D1272F}.Debug|x86.Build.0 = Debug|Any CPU
		{75ABE0C0-AFBB-4E72-B2B0-AC77A6D1272F}.Release|Any CPU.ActiveCfg = Release|Any CPU
		{75ABE0C0-AFBB-4E72-B2B0-AC77A6D1272F}.Release|Any CPU.Build.0 = Release|Any CPU
		{75ABE0C0-AFBB-4E72-B2B0-AC77A6D1272F}.Release|x64.ActiveCfg = Release|Any CPU
		{75ABE0C0-AFBB-4E72-B2B0-AC77A6D1272F}.Release|x64.Build.0 = Release|Any CPU
		{75ABE0C0-AFBB-4E72-B2B0-AC77A6D1272F}.Release|x86.ActiveCfg = Release|Any CPU
		{75ABE0C0-AFBB-4E72-B2B0-AC77A6D1272F}.Release|x86.Build.0 = Release|Any CPU
		{CA810C4C-22F9-44B7-A21F-750607D42FCF}.Debug|Any CPU.ActiveCfg = Debug|Any CPU
		{CA810C4C-22F9-44B7-A21F-750607D42FCF}.Debug|Any CPU.Build.0 = Debug|Any CPU
		{CA810C4C-22F9-44B7-A21F-750607D42FCF}.Debug|x64.ActiveCfg = Debug|Any CPU
		{CA810C4C-22F9-44B7-A21F-750607D42FCF}.Debug|x64.Build.0 = Debug|Any CPU
		{CA810C4C-22F9-44B7-A21F-750607D42FCF}.Debug|x86.ActiveCfg = Debug|Any CPU
		{CA810C4C-22F9-44B7-A21F-750607D42FCF}.Debug|x86.Build.0 = Debug|Any CPU
		{CA810C4C-22F9-44B7-A21F-750607D42FCF}.Release|Any CPU.ActiveCfg = Release|Any CPU
		{CA810C4C-22F9-44B7-A21F-750607D42FCF}.Release|Any CPU.Build.0 = Release|Any CPU
		{CA810C4C-22F9-44B7-A21F-750607D42FCF}.Release|x64.ActiveCfg = Release|Any CPU
		{CA810C4C-22F9-44B7-A21F-750607D42FCF}.Release|x64.Build.0 = Release|Any CPU
		{CA810C4C-22F9-44B7-A21F-750607D42FCF}.Release|x86.ActiveCfg = Release|Any CPU
		{CA810C4C-22F9-44B7-A21F-750607D42FCF}.Release|x86.Build.0 = Release|Any CPU
		{C8804C9D-FB50-43AC-A82D-2F7299C9E646}.Debug|Any CPU.ActiveCfg = Debug|Any CPU
		{C8804C9D-FB50-43AC-A82D-2F7299C9E646}.Debug|Any CPU.Build.0 = Debug|Any CPU
		{C8804C9D-FB50-43AC-A82D-2F7299C9E646}.Debug|x64.ActiveCfg = Debug|Any CPU
		{C8804C9D-FB50-43AC-A82D-2F7299C9E646}.Debug|x64.Build.0 = Debug|Any CPU
		{C8804C9D-FB50-43AC-A82D-2F7299C9E646}.Debug|x86.ActiveCfg = Debug|Any CPU
		{C8804C9D-FB50-43AC-A82D-2F7299C9E646}.Debug|x86.Build.0 = Debug|Any CPU
		{C8804C9D-FB50-43AC-A82D-2F7299C9E646}.Release|Any CPU.ActiveCfg = Release|Any CPU
		{C8804C9D-FB50-43AC-A82D-2F7299C9E646}.Release|Any CPU.Build.0 = Release|Any CPU
		{C8804C9D-FB50-43AC-A82D-2F7299C9E646}.Release|x64.ActiveCfg = Release|Any CPU
		{C8804C9D-FB50-43AC-A82D-2F7299C9E646}.Release|x64.Build.0 = Release|Any CPU
		{C8804C9D-FB50-43AC-A82D-2F7299C9E646}.Release|x86.ActiveCfg = Release|Any CPU
		{C8804C9D-FB50-43AC-A82D-2F7299C9E646}.Release|x86.Build.0 = Release|Any CPU
		{A8156440-183A-41D6-832D-7C9128BBCA95}.Debug|Any CPU.ActiveCfg = Debug|Any CPU
		{A8156440-183A-41D6-832D-7C9128BBCA95}.Debug|Any CPU.Build.0 = Debug|Any CPU
		{A8156440-183A-41D6-832D-7C9128BBCA95}.Debug|x64.ActiveCfg = Debug|Any CPU
		{A8156440-183A-41D6-832D-7C9128BBCA95}.Debug|x64.Build.0 = Debug|Any CPU
		{A8156440-183A-41D6-832D-7C9128BBCA95}.Debug|x86.ActiveCfg = Debug|Any CPU
		{A8156440-183A-41D6-832D-7C9128BBCA95}.Debug|x86.Build.0 = Debug|Any CPU
		{A8156440-183A-41D6-832D-7C9128BBCA95}.Release|Any CPU.ActiveCfg = Release|Any CPU
		{A8156440-183A-41D6-832D-7C9128BBCA95}.Release|Any CPU.Build.0 = Release|Any CPU
		{A8156440-183A-41D6-832D-7C9128BBCA95}.Release|x64.ActiveCfg = Release|Any CPU
		{A8156440-183A-41D6-832D-7C9128BBCA95}.Release|x64.Build.0 = Release|Any CPU
		{A8156440-183A-41D6-832D-7C9128BBCA95}.Release|x86.ActiveCfg = Release|Any CPU
		{A8156440-183A-41D6-832D-7C9128BBCA95}.Release|x86.Build.0 = Release|Any CPU
		{E0F24D89-23F1-4CFF-AA4A-71A863E7B656}.Debug|Any CPU.ActiveCfg = Debug|Any CPU
		{E0F24D89-23F1-4CFF-AA4A-71A863E7B656}.Debug|Any CPU.Build.0 = Debug|Any CPU
		{E0F24D89-23F1-4CFF-AA4A-71A863E7B656}.Debug|x64.ActiveCfg = Debug|Any CPU
		{E0F24D89-23F1-4CFF-AA4A-71A863E7B656}.Debug|x64.Build.0 = Debug|Any CPU
		{E0F24D89-23F1-4CFF-AA4A-71A863E7B656}.Debug|x86.ActiveCfg = Debug|Any CPU
		{E0F24D89-23F1-4CFF-AA4A-71A863E7B656}.Debug|x86.Build.0 = Debug|Any CPU
		{E0F24D89-23F1-4CFF-AA4A-71A863E7B656}.Release|Any CPU.ActiveCfg = Release|Any CPU
		{E0F24D89-23F1-4CFF-AA4A-71A863E7B656}.Release|Any CPU.Build.0 = Release|Any CPU
		{E0F24D89-23F1-4CFF-AA4A-71A863E7B656}.Release|x64.ActiveCfg = Release|Any CPU
		{E0F24D89-23F1-4CFF-AA4A-71A863E7B656}.Release|x64.Build.0 = Release|Any CPU
		{E0F24D89-23F1-4CFF-AA4A-71A863E7B656}.Release|x86.ActiveCfg = Release|Any CPU
		{E0F24D89-23F1-4CFF-AA4A-71A863E7B656}.Release|x86.Build.0 = Release|Any CPU
		{B4D6E61A-699F-46D5-B4E8-5A76BB4EF9A0}.Debug|Any CPU.ActiveCfg = Debug|Any CPU
		{B4D6E61A-699F-46D5-B4E8-5A76BB4EF9A0}.Debug|Any CPU.Build.0 = Debug|Any CPU
		{B4D6E61A-699F-46D5-B4E8-5A76BB4EF9A0}.Debug|x64.ActiveCfg = Debug|Any CPU
		{B4D6E61A-699F-46D5-B4E8-5A76BB4EF9A0}.Debug|x64.Build.0 = Debug|Any CPU
		{B4D6E61A-699F-46D5-B4E8-5A76BB4EF9A0}.Debug|x86.ActiveCfg = Debug|Any CPU
		{B4D6E61A-699F-46D5-B4E8-5A76BB4EF9A0}.Debug|x86.Build.0 = Debug|Any CPU
		{B4D6E61A-699F-46D5-B4E8-5A76BB4EF9A0}.Release|Any CPU.ActiveCfg = Release|Any CPU
		{B4D6E61A-699F-46D5-B4E8-5A76BB4EF9A0}.Release|Any CPU.Build.0 = Release|Any CPU
		{B4D6E61A-699F-46D5-B4E8-5A76BB4EF9A0}.Release|x64.ActiveCfg = Release|Any CPU
		{B4D6E61A-699F-46D5-B4E8-5A76BB4EF9A0}.Release|x64.Build.0 = Release|Any CPU
		{B4D6E61A-699F-46D5-B4E8-5A76BB4EF9A0}.Release|x86.ActiveCfg = Release|Any CPU
		{B4D6E61A-699F-46D5-B4E8-5A76BB4EF9A0}.Release|x86.Build.0 = Release|Any CPU
		{5B6D881E-76BF-4835-833E-ADF5B81019B2}.Debug|Any CPU.ActiveCfg = Debug|Any CPU
		{5B6D881E-76BF-4835-833E-ADF5B81019B2}.Debug|Any CPU.Build.0 = Debug|Any CPU
		{5B6D881E-76BF-4835-833E-ADF5B81019B2}.Debug|x64.ActiveCfg = Debug|Any CPU
		{5B6D881E-76BF-4835-833E-ADF5B81019B2}.Debug|x64.Build.0 = Debug|Any CPU
		{5B6D881E-76BF-4835-833E-ADF5B81019B2}.Debug|x86.ActiveCfg = Debug|Any CPU
		{5B6D881E-76BF-4835-833E-ADF5B81019B2}.Debug|x86.Build.0 = Debug|Any CPU
		{5B6D881E-76BF-4835-833E-ADF5B81019B2}.Release|Any CPU.ActiveCfg = Release|Any CPU
		{5B6D881E-76BF-4835-833E-ADF5B81019B2}.Release|Any CPU.Build.0 = Release|Any CPU
		{5B6D881E-76BF-4835-833E-ADF5B81019B2}.Release|x64.ActiveCfg = Release|Any CPU
		{5B6D881E-76BF-4835-833E-ADF5B81019B2}.Release|x64.Build.0 = Release|Any CPU
		{5B6D881E-76BF-4835-833E-ADF5B81019B2}.Release|x86.ActiveCfg = Release|Any CPU
		{5B6D881E-76BF-4835-833E-ADF5B81019B2}.Release|x86.Build.0 = Release|Any CPU
		{9B56093A-54C0-400E-9040-397444B9DF35}.Debug|Any CPU.ActiveCfg = Debug|Any CPU
		{9B56093A-54C0-400E-9040-397444B9DF35}.Debug|Any CPU.Build.0 = Debug|Any CPU
		{9B56093A-54C0-400E-9040-397444B9DF35}.Debug|x64.ActiveCfg = Debug|Any CPU
		{9B56093A-54C0-400E-9040-397444B9DF35}.Debug|x64.Build.0 = Debug|Any CPU
		{9B56093A-54C0-400E-9040-397444B9DF35}.Debug|x86.ActiveCfg = Debug|Any CPU
		{9B56093A-54C0-400E-9040-397444B9DF35}.Debug|x86.Build.0 = Debug|Any CPU
		{9B56093A-54C0-400E-9040-397444B9DF35}.Release|Any CPU.ActiveCfg = Release|Any CPU
		{9B56093A-54C0-400E-9040-397444B9DF35}.Release|Any CPU.Build.0 = Release|Any CPU
		{9B56093A-54C0-400E-9040-397444B9DF35}.Release|x64.ActiveCfg = Release|Any CPU
		{9B56093A-54C0-400E-9040-397444B9DF35}.Release|x64.Build.0 = Release|Any CPU
		{9B56093A-54C0-400E-9040-397444B9DF35}.Release|x86.ActiveCfg = Release|Any CPU
		{9B56093A-54C0-400E-9040-397444B9DF35}.Release|x86.Build.0 = Release|Any CPU
		{029A78DC-2C4B-49F5-841C-8580830A9AF6}.Debug|Any CPU.ActiveCfg = Debug|Any CPU
		{029A78DC-2C4B-49F5-841C-8580830A9AF6}.Debug|Any CPU.Build.0 = Debug|Any CPU
		{029A78DC-2C4B-49F5-841C-8580830A9AF6}.Debug|x64.ActiveCfg = Debug|Any CPU
		{029A78DC-2C4B-49F5-841C-8580830A9AF6}.Debug|x64.Build.0 = Debug|Any CPU
		{029A78DC-2C4B-49F5-841C-8580830A9AF6}.Debug|x86.ActiveCfg = Debug|Any CPU
		{029A78DC-2C4B-49F5-841C-8580830A9AF6}.Debug|x86.Build.0 = Debug|Any CPU
		{029A78DC-2C4B-49F5-841C-8580830A9AF6}.Release|Any CPU.ActiveCfg = Release|Any CPU
		{029A78DC-2C4B-49F5-841C-8580830A9AF6}.Release|Any CPU.Build.0 = Release|Any CPU
		{029A78DC-2C4B-49F5-841C-8580830A9AF6}.Release|x64.ActiveCfg = Release|Any CPU
		{029A78DC-2C4B-49F5-841C-8580830A9AF6}.Release|x64.Build.0 = Release|Any CPU
		{029A78DC-2C4B-49F5-841C-8580830A9AF6}.Release|x86.ActiveCfg = Release|Any CPU
		{029A78DC-2C4B-49F5-841C-8580830A9AF6}.Release|x86.Build.0 = Release|Any CPU
		{C8D8C209-7584-4487-9407-D1E26AA4ACB8}.Debug|Any CPU.ActiveCfg = Debug|Any CPU
		{C8D8C209-7584-4487-9407-D1E26AA4ACB8}.Debug|Any CPU.Build.0 = Debug|Any CPU
		{C8D8C209-7584-4487-9407-D1E26AA4ACB8}.Debug|x64.ActiveCfg = Debug|Any CPU
		{C8D8C209-7584-4487-9407-D1E26AA4ACB8}.Debug|x64.Build.0 = Debug|Any CPU
		{C8D8C209-7584-4487-9407-D1E26AA4ACB8}.Debug|x86.ActiveCfg = Debug|Any CPU
		{C8D8C209-7584-4487-9407-D1E26AA4ACB8}.Debug|x86.Build.0 = Debug|Any CPU
		{C8D8C209-7584-4487-9407-D1E26AA4ACB8}.Release|Any CPU.ActiveCfg = Release|Any CPU
		{C8D8C209-7584-4487-9407-D1E26AA4ACB8}.Release|Any CPU.Build.0 = Release|Any CPU
		{C8D8C209-7584-4487-9407-D1E26AA4ACB8}.Release|x64.ActiveCfg = Release|Any CPU
		{C8D8C209-7584-4487-9407-D1E26AA4ACB8}.Release|x64.Build.0 = Release|Any CPU
		{C8D8C209-7584-4487-9407-D1E26AA4ACB8}.Release|x86.ActiveCfg = Release|Any CPU
		{C8D8C209-7584-4487-9407-D1E26AA4ACB8}.Release|x86.Build.0 = Release|Any CPU
		{8FDF5A33-A139-410D-B7B9-A2C6BCDD7FC8}.Debug|Any CPU.ActiveCfg = Debug|Any CPU
		{8FDF5A33-A139-410D-B7B9-A2C6BCDD7FC8}.Debug|Any CPU.Build.0 = Debug|Any CPU
		{8FDF5A33-A139-410D-B7B9-A2C6BCDD7FC8}.Debug|x64.ActiveCfg = Debug|Any CPU
		{8FDF5A33-A139-410D-B7B9-A2C6BCDD7FC8}.Debug|x64.Build.0 = Debug|Any CPU
		{8FDF5A33-A139-410D-B7B9-A2C6BCDD7FC8}.Debug|x86.ActiveCfg = Debug|Any CPU
		{8FDF5A33-A139-410D-B7B9-A2C6BCDD7FC8}.Debug|x86.Build.0 = Debug|Any CPU
		{8FDF5A33-A139-410D-B7B9-A2C6BCDD7FC8}.Release|Any CPU.ActiveCfg = Release|Any CPU
		{8FDF5A33-A139-410D-B7B9-A2C6BCDD7FC8}.Release|Any CPU.Build.0 = Release|Any CPU
		{8FDF5A33-A139-410D-B7B9-A2C6BCDD7FC8}.Release|x64.ActiveCfg = Release|Any CPU
		{8FDF5A33-A139-410D-B7B9-A2C6BCDD7FC8}.Release|x64.Build.0 = Release|Any CPU
		{8FDF5A33-A139-410D-B7B9-A2C6BCDD7FC8}.Release|x86.ActiveCfg = Release|Any CPU
		{8FDF5A33-A139-410D-B7B9-A2C6BCDD7FC8}.Release|x86.Build.0 = Release|Any CPU
		{654B6DD2-5427-4B02-993F-299D35297CB8}.Debug|Any CPU.ActiveCfg = Debug|Any CPU
		{654B6DD2-5427-4B02-993F-299D35297CB8}.Debug|Any CPU.Build.0 = Debug|Any CPU
		{654B6DD2-5427-4B02-993F-299D35297CB8}.Debug|x64.ActiveCfg = Debug|Any CPU
		{654B6DD2-5427-4B02-993F-299D35297CB8}.Debug|x64.Build.0 = Debug|Any CPU
		{654B6DD2-5427-4B02-993F-299D35297CB8}.Debug|x86.ActiveCfg = Debug|Any CPU
		{654B6DD2-5427-4B02-993F-299D35297CB8}.Debug|x86.Build.0 = Debug|Any CPU
		{654B6DD2-5427-4B02-993F-299D35297CB8}.Release|Any CPU.ActiveCfg = Release|Any CPU
		{654B6DD2-5427-4B02-993F-299D35297CB8}.Release|Any CPU.Build.0 = Release|Any CPU
		{654B6DD2-5427-4B02-993F-299D35297CB8}.Release|x64.ActiveCfg = Release|Any CPU
		{654B6DD2-5427-4B02-993F-299D35297CB8}.Release|x64.Build.0 = Release|Any CPU
		{654B6DD2-5427-4B02-993F-299D35297CB8}.Release|x86.ActiveCfg = Release|Any CPU
		{654B6DD2-5427-4B02-993F-299D35297CB8}.Release|x86.Build.0 = Release|Any CPU
		{22652469-BC2E-4E48-89D9-6D025CB26259}.Debug|Any CPU.ActiveCfg = Debug|Any CPU
		{22652469-BC2E-4E48-89D9-6D025CB26259}.Debug|Any CPU.Build.0 = Debug|Any CPU
		{22652469-BC2E-4E48-89D9-6D025CB26259}.Debug|x64.ActiveCfg = Debug|Any CPU
		{22652469-BC2E-4E48-89D9-6D025CB26259}.Debug|x64.Build.0 = Debug|Any CPU
		{22652469-BC2E-4E48-89D9-6D025CB26259}.Debug|x86.ActiveCfg = Debug|Any CPU
		{22652469-BC2E-4E48-89D9-6D025CB26259}.Debug|x86.Build.0 = Debug|Any CPU
		{22652469-BC2E-4E48-89D9-6D025CB26259}.Release|Any CPU.ActiveCfg = Release|Any CPU
		{22652469-BC2E-4E48-89D9-6D025CB26259}.Release|Any CPU.Build.0 = Release|Any CPU
		{22652469-BC2E-4E48-89D9-6D025CB26259}.Release|x64.ActiveCfg = Release|Any CPU
		{22652469-BC2E-4E48-89D9-6D025CB26259}.Release|x64.Build.0 = Release|Any CPU
		{22652469-BC2E-4E48-89D9-6D025CB26259}.Release|x86.ActiveCfg = Release|Any CPU
		{22652469-BC2E-4E48-89D9-6D025CB26259}.Release|x86.Build.0 = Release|Any CPU
		{8C1EB68B-9D03-4732-8961-A22F61CEF491}.Debug|Any CPU.ActiveCfg = Debug|Any CPU
		{8C1EB68B-9D03-4732-8961-A22F61CEF491}.Debug|Any CPU.Build.0 = Debug|Any CPU
		{8C1EB68B-9D03-4732-8961-A22F61CEF491}.Debug|x64.ActiveCfg = Debug|Any CPU
		{8C1EB68B-9D03-4732-8961-A22F61CEF491}.Debug|x64.Build.0 = Debug|Any CPU
		{8C1EB68B-9D03-4732-8961-A22F61CEF491}.Debug|x86.ActiveCfg = Debug|Any CPU
		{8C1EB68B-9D03-4732-8961-A22F61CEF491}.Debug|x86.Build.0 = Debug|Any CPU
		{8C1EB68B-9D03-4732-8961-A22F61CEF491}.Release|Any CPU.ActiveCfg = Release|Any CPU
		{8C1EB68B-9D03-4732-8961-A22F61CEF491}.Release|Any CPU.Build.0 = Release|Any CPU
		{8C1EB68B-9D03-4732-8961-A22F61CEF491}.Release|x64.ActiveCfg = Release|Any CPU
		{8C1EB68B-9D03-4732-8961-A22F61CEF491}.Release|x64.Build.0 = Release|Any CPU
		{8C1EB68B-9D03-4732-8961-A22F61CEF491}.Release|x86.ActiveCfg = Release|Any CPU
		{8C1EB68B-9D03-4732-8961-A22F61CEF491}.Release|x86.Build.0 = Release|Any CPU
		{58566684-65CA-4A7A-B4F0-5ABEBB561809}.Debug|Any CPU.ActiveCfg = Debug|Any CPU
		{58566684-65CA-4A7A-B4F0-5ABEBB561809}.Debug|Any CPU.Build.0 = Debug|Any CPU
		{58566684-65CA-4A7A-B4F0-5ABEBB561809}.Debug|x64.ActiveCfg = Debug|Any CPU
		{58566684-65CA-4A7A-B4F0-5ABEBB561809}.Debug|x64.Build.0 = Debug|Any CPU
		{58566684-65CA-4A7A-B4F0-5ABEBB561809}.Debug|x86.ActiveCfg = Debug|Any CPU
		{58566684-65CA-4A7A-B4F0-5ABEBB561809}.Debug|x86.Build.0 = Debug|Any CPU
		{58566684-65CA-4A7A-B4F0-5ABEBB561809}.Release|Any CPU.ActiveCfg = Release|Any CPU
		{58566684-65CA-4A7A-B4F0-5ABEBB561809}.Release|Any CPU.Build.0 = Release|Any CPU
		{58566684-65CA-4A7A-B4F0-5ABEBB561809}.Release|x64.ActiveCfg = Release|Any CPU
		{58566684-65CA-4A7A-B4F0-5ABEBB561809}.Release|x64.Build.0 = Release|Any CPU
		{58566684-65CA-4A7A-B4F0-5ABEBB561809}.Release|x86.ActiveCfg = Release|Any CPU
		{58566684-65CA-4A7A-B4F0-5ABEBB561809}.Release|x86.Build.0 = Release|Any CPU
		{AE39A4E8-AAEE-450A-A326-393BAA0AC695}.Debug|Any CPU.ActiveCfg = Debug|Any CPU
		{AE39A4E8-AAEE-450A-A326-393BAA0AC695}.Debug|Any CPU.Build.0 = Debug|Any CPU
		{AE39A4E8-AAEE-450A-A326-393BAA0AC695}.Debug|x64.ActiveCfg = Debug|Any CPU
		{AE39A4E8-AAEE-450A-A326-393BAA0AC695}.Debug|x64.Build.0 = Debug|Any CPU
		{AE39A4E8-AAEE-450A-A326-393BAA0AC695}.Debug|x86.ActiveCfg = Debug|Any CPU
		{AE39A4E8-AAEE-450A-A326-393BAA0AC695}.Debug|x86.Build.0 = Debug|Any CPU
		{AE39A4E8-AAEE-450A-A326-393BAA0AC695}.Release|Any CPU.ActiveCfg = Release|Any CPU
		{AE39A4E8-AAEE-450A-A326-393BAA0AC695}.Release|Any CPU.Build.0 = Release|Any CPU
		{AE39A4E8-AAEE-450A-A326-393BAA0AC695}.Release|x64.ActiveCfg = Release|Any CPU
		{AE39A4E8-AAEE-450A-A326-393BAA0AC695}.Release|x64.Build.0 = Release|Any CPU
		{AE39A4E8-AAEE-450A-A326-393BAA0AC695}.Release|x86.ActiveCfg = Release|Any CPU
		{AE39A4E8-AAEE-450A-A326-393BAA0AC695}.Release|x86.Build.0 = Release|Any CPU
		{4645590A-6181-4349-8708-D11EB51309C6}.Debug|Any CPU.ActiveCfg = Debug|Any CPU
		{4645590A-6181-4349-8708-D11EB51309C6}.Debug|Any CPU.Build.0 = Debug|Any CPU
		{4645590A-6181-4349-8708-D11EB51309C6}.Debug|x64.ActiveCfg = Debug|Any CPU
		{4645590A-6181-4349-8708-D11EB51309C6}.Debug|x64.Build.0 = Debug|Any CPU
		{4645590A-6181-4349-8708-D11EB51309C6}.Debug|x86.ActiveCfg = Debug|Any CPU
		{4645590A-6181-4349-8708-D11EB51309C6}.Debug|x86.Build.0 = Debug|Any CPU
		{4645590A-6181-4349-8708-D11EB51309C6}.Release|Any CPU.ActiveCfg = Release|Any CPU
		{4645590A-6181-4349-8708-D11EB51309C6}.Release|Any CPU.Build.0 = Release|Any CPU
		{4645590A-6181-4349-8708-D11EB51309C6}.Release|x64.ActiveCfg = Release|Any CPU
		{4645590A-6181-4349-8708-D11EB51309C6}.Release|x64.Build.0 = Release|Any CPU
		{4645590A-6181-4349-8708-D11EB51309C6}.Release|x86.ActiveCfg = Release|Any CPU
		{4645590A-6181-4349-8708-D11EB51309C6}.Release|x86.Build.0 = Release|Any CPU
		{F7B86D7B-9C66-4211-88DD-9847151FB278}.Debug|Any CPU.ActiveCfg = Debug|Any CPU
		{F7B86D7B-9C66-4211-88DD-9847151FB278}.Debug|Any CPU.Build.0 = Debug|Any CPU
		{F7B86D7B-9C66-4211-88DD-9847151FB278}.Debug|x64.ActiveCfg = Debug|Any CPU
		{F7B86D7B-9C66-4211-88DD-9847151FB278}.Debug|x64.Build.0 = Debug|Any CPU
		{F7B86D7B-9C66-4211-88DD-9847151FB278}.Debug|x86.ActiveCfg = Debug|Any CPU
		{F7B86D7B-9C66-4211-88DD-9847151FB278}.Debug|x86.Build.0 = Debug|Any CPU
		{F7B86D7B-9C66-4211-88DD-9847151FB278}.Release|Any CPU.ActiveCfg = Release|Any CPU
		{F7B86D7B-9C66-4211-88DD-9847151FB278}.Release|Any CPU.Build.0 = Release|Any CPU
		{F7B86D7B-9C66-4211-88DD-9847151FB278}.Release|x64.ActiveCfg = Release|Any CPU
		{F7B86D7B-9C66-4211-88DD-9847151FB278}.Release|x64.Build.0 = Release|Any CPU
		{F7B86D7B-9C66-4211-88DD-9847151FB278}.Release|x86.ActiveCfg = Release|Any CPU
		{F7B86D7B-9C66-4211-88DD-9847151FB278}.Release|x86.Build.0 = Release|Any CPU
		{B72F146A-2157-4032-AD57-3BBF06CB89D1}.Debug|Any CPU.ActiveCfg = Debug|Any CPU
		{B72F146A-2157-4032-AD57-3BBF06CB89D1}.Debug|Any CPU.Build.0 = Debug|Any CPU
		{B72F146A-2157-4032-AD57-3BBF06CB89D1}.Debug|x64.ActiveCfg = Debug|Any CPU
		{B72F146A-2157-4032-AD57-3BBF06CB89D1}.Debug|x64.Build.0 = Debug|Any CPU
		{B72F146A-2157-4032-AD57-3BBF06CB89D1}.Debug|x86.ActiveCfg = Debug|Any CPU
		{B72F146A-2157-4032-AD57-3BBF06CB89D1}.Debug|x86.Build.0 = Debug|Any CPU
		{B72F146A-2157-4032-AD57-3BBF06CB89D1}.Release|Any CPU.ActiveCfg = Release|Any CPU
		{B72F146A-2157-4032-AD57-3BBF06CB89D1}.Release|Any CPU.Build.0 = Release|Any CPU
		{B72F146A-2157-4032-AD57-3BBF06CB89D1}.Release|x64.ActiveCfg = Release|Any CPU
		{B72F146A-2157-4032-AD57-3BBF06CB89D1}.Release|x64.Build.0 = Release|Any CPU
		{B72F146A-2157-4032-AD57-3BBF06CB89D1}.Release|x86.ActiveCfg = Release|Any CPU
		{B72F146A-2157-4032-AD57-3BBF06CB89D1}.Release|x86.Build.0 = Release|Any CPU
		{D5D87C04-3A0F-431C-9F6D-8C7B5BF2AEA3}.Debug|Any CPU.ActiveCfg = Debug|Any CPU
		{D5D87C04-3A0F-431C-9F6D-8C7B5BF2AEA3}.Debug|Any CPU.Build.0 = Debug|Any CPU
		{D5D87C04-3A0F-431C-9F6D-8C7B5BF2AEA3}.Debug|x64.ActiveCfg = Debug|Any CPU
		{D5D87C04-3A0F-431C-9F6D-8C7B5BF2AEA3}.Debug|x64.Build.0 = Debug|Any CPU
		{D5D87C04-3A0F-431C-9F6D-8C7B5BF2AEA3}.Debug|x86.ActiveCfg = Debug|Any CPU
		{D5D87C04-3A0F-431C-9F6D-8C7B5BF2AEA3}.Debug|x86.Build.0 = Debug|Any CPU
		{D5D87C04-3A0F-431C-9F6D-8C7B5BF2AEA3}.Release|Any CPU.ActiveCfg = Release|Any CPU
		{D5D87C04-3A0F-431C-9F6D-8C7B5BF2AEA3}.Release|Any CPU.Build.0 = Release|Any CPU
		{D5D87C04-3A0F-431C-9F6D-8C7B5BF2AEA3}.Release|x64.ActiveCfg = Release|Any CPU
		{D5D87C04-3A0F-431C-9F6D-8C7B5BF2AEA3}.Release|x64.Build.0 = Release|Any CPU
		{D5D87C04-3A0F-431C-9F6D-8C7B5BF2AEA3}.Release|x86.ActiveCfg = Release|Any CPU
		{D5D87C04-3A0F-431C-9F6D-8C7B5BF2AEA3}.Release|x86.Build.0 = Release|Any CPU
		{193862DB-FD43-4159-8D7E-9A30218C0399}.Debug|Any CPU.ActiveCfg = Debug|Any CPU
		{193862DB-FD43-4159-8D7E-9A30218C0399}.Debug|Any CPU.Build.0 = Debug|Any CPU
		{193862DB-FD43-4159-8D7E-9A30218C0399}.Debug|x64.ActiveCfg = Debug|Any CPU
		{193862DB-FD43-4159-8D7E-9A30218C0399}.Debug|x64.Build.0 = Debug|Any CPU
		{193862DB-FD43-4159-8D7E-9A30218C0399}.Debug|x86.ActiveCfg = Debug|Any CPU
		{193862DB-FD43-4159-8D7E-9A30218C0399}.Debug|x86.Build.0 = Debug|Any CPU
		{193862DB-FD43-4159-8D7E-9A30218C0399}.Release|Any CPU.ActiveCfg = Release|Any CPU
		{193862DB-FD43-4159-8D7E-9A30218C0399}.Release|Any CPU.Build.0 = Release|Any CPU
		{193862DB-FD43-4159-8D7E-9A30218C0399}.Release|x64.ActiveCfg = Release|Any CPU
		{193862DB-FD43-4159-8D7E-9A30218C0399}.Release|x64.Build.0 = Release|Any CPU
		{193862DB-FD43-4159-8D7E-9A30218C0399}.Release|x86.ActiveCfg = Release|Any CPU
		{193862DB-FD43-4159-8D7E-9A30218C0399}.Release|x86.Build.0 = Release|Any CPU
		{BFCF9754-3294-41F8-9117-BD8AEC5BDC58}.Debug|Any CPU.ActiveCfg = Debug|Any CPU
		{BFCF9754-3294-41F8-9117-BD8AEC5BDC58}.Debug|Any CPU.Build.0 = Debug|Any CPU
		{BFCF9754-3294-41F8-9117-BD8AEC5BDC58}.Debug|x64.ActiveCfg = Debug|Any CPU
		{BFCF9754-3294-41F8-9117-BD8AEC5BDC58}.Debug|x64.Build.0 = Debug|Any CPU
		{BFCF9754-3294-41F8-9117-BD8AEC5BDC58}.Debug|x86.ActiveCfg = Debug|Any CPU
		{BFCF9754-3294-41F8-9117-BD8AEC5BDC58}.Debug|x86.Build.0 = Debug|Any CPU
		{BFCF9754-3294-41F8-9117-BD8AEC5BDC58}.Release|Any CPU.ActiveCfg = Release|Any CPU
		{BFCF9754-3294-41F8-9117-BD8AEC5BDC58}.Release|Any CPU.Build.0 = Release|Any CPU
		{BFCF9754-3294-41F8-9117-BD8AEC5BDC58}.Release|x64.ActiveCfg = Release|Any CPU
		{BFCF9754-3294-41F8-9117-BD8AEC5BDC58}.Release|x64.Build.0 = Release|Any CPU
		{BFCF9754-3294-41F8-9117-BD8AEC5BDC58}.Release|x86.ActiveCfg = Release|Any CPU
		{BFCF9754-3294-41F8-9117-BD8AEC5BDC58}.Release|x86.Build.0 = Release|Any CPU
		{FD256E1A-40A2-4896-ABE4-A2248BA8D2D1}.Debug|Any CPU.ActiveCfg = Debug|Any CPU
		{FD256E1A-40A2-4896-ABE4-A2248BA8D2D1}.Debug|Any CPU.Build.0 = Debug|Any CPU
		{FD256E1A-40A2-4896-ABE4-A2248BA8D2D1}.Debug|x64.ActiveCfg = Debug|Any CPU
		{FD256E1A-40A2-4896-ABE4-A2248BA8D2D1}.Debug|x64.Build.0 = Debug|Any CPU
		{FD256E1A-40A2-4896-ABE4-A2248BA8D2D1}.Debug|x86.ActiveCfg = Debug|Any CPU
		{FD256E1A-40A2-4896-ABE4-A2248BA8D2D1}.Debug|x86.Build.0 = Debug|Any CPU
		{FD256E1A-40A2-4896-ABE4-A2248BA8D2D1}.Release|Any CPU.ActiveCfg = Release|Any CPU
		{FD256E1A-40A2-4896-ABE4-A2248BA8D2D1}.Release|Any CPU.Build.0 = Release|Any CPU
		{FD256E1A-40A2-4896-ABE4-A2248BA8D2D1}.Release|x64.ActiveCfg = Release|Any CPU
		{FD256E1A-40A2-4896-ABE4-A2248BA8D2D1}.Release|x64.Build.0 = Release|Any CPU
		{FD256E1A-40A2-4896-ABE4-A2248BA8D2D1}.Release|x86.ActiveCfg = Release|Any CPU
		{FD256E1A-40A2-4896-ABE4-A2248BA8D2D1}.Release|x86.Build.0 = Release|Any CPU
		{6EE35D6C-BD2E-4AC8-84F8-2B2E72E70CA9}.Debug|Any CPU.ActiveCfg = Debug|Any CPU
		{6EE35D6C-BD2E-4AC8-84F8-2B2E72E70CA9}.Debug|Any CPU.Build.0 = Debug|Any CPU
		{6EE35D6C-BD2E-4AC8-84F8-2B2E72E70CA9}.Debug|x64.ActiveCfg = Debug|Any CPU
		{6EE35D6C-BD2E-4AC8-84F8-2B2E72E70CA9}.Debug|x64.Build.0 = Debug|Any CPU
		{6EE35D6C-BD2E-4AC8-84F8-2B2E72E70CA9}.Debug|x86.ActiveCfg = Debug|Any CPU
		{6EE35D6C-BD2E-4AC8-84F8-2B2E72E70CA9}.Debug|x86.Build.0 = Debug|Any CPU
		{6EE35D6C-BD2E-4AC8-84F8-2B2E72E70CA9}.Release|Any CPU.ActiveCfg = Release|Any CPU
		{6EE35D6C-BD2E-4AC8-84F8-2B2E72E70CA9}.Release|Any CPU.Build.0 = Release|Any CPU
		{6EE35D6C-BD2E-4AC8-84F8-2B2E72E70CA9}.Release|x64.ActiveCfg = Release|Any CPU
		{6EE35D6C-BD2E-4AC8-84F8-2B2E72E70CA9}.Release|x64.Build.0 = Release|Any CPU
		{6EE35D6C-BD2E-4AC8-84F8-2B2E72E70CA9}.Release|x86.ActiveCfg = Release|Any CPU
		{6EE35D6C-BD2E-4AC8-84F8-2B2E72E70CA9}.Release|x86.Build.0 = Release|Any CPU
	EndGlobalSection
	GlobalSection(SolutionProperties) = preSolution
		HideSolutionNode = FALSE
	EndGlobalSection
	GlobalSection(ExtensibilityGlobals) = postSolution
		SolutionGuid = {9D10739B-7302-4D3B-85CD-9A1ECD785568}
	EndGlobalSection
EndGlobal
